
Microsoft Visual Studio Solution File, Format Version 12.00
# Visual Studio Version 16
VisualStudioVersion = 16.0.35826.135
MinimumVisualStudioVersion = 10.0.40219.1
Project("{FAE04EC0-301F-11D3-BF4B-00C04F79EFBC}") = "calculatorinterface", "calculatorinterface\calculatorinterface.csproj", "{2DEAD380-AFB9-46E5-90CE-1E38890B43FB}"
EndProject
Global
	GlobalSection(SolutionConfigurationPlatforms) = preSolution
		Debug|Any CPU = Debug|Any CPU
		Release|Any CPU = Release|Any CPU
	EndGlobalSection
	GlobalSection(ProjectConfigurationPlatforms) = postSolution
		{2DEAD380-AFB9-46E5-90CE-1E38890B43FB}.Debug|Any CPU.ActiveCfg = Debug|Any CPU
		{2DEAD380-AFB9-46E5-90CE-1E38890B43FB}.Debug|Any CPU.Build.0 = Debug|Any CPU
		{2DEAD380-AFB9-46E5-90CE-1E38890B43FB}.Release|Any CPU.ActiveCfg = Release|Any CPU
		{2DEAD380-AFB9-46E5-90CE-1E38890B43FB}.Release|Any CPU.Build.0 = Release|Any CPU
	EndGlobalSection
	GlobalSection(SolutionProperties) = preSolution
		HideSolutionNode = FALSE
	EndGlobalSection
	GlobalSection(ExtensibilityGlobals) = postSolution
		SolutionGuid = {D58FFBDE-63F2-4115-AC61-EFC5E4C1A276}
	EndGlobalSection
EndGlobal
